
Microsoft Visual Studio Solution File, Format Version 12.00
# Visual Studio Version 17
VisualStudioVersion = 17.2.32602.215
MinimumVisualStudioVersion = 10.0.40219.1
Project("{8BC9CEB8-8B4A-11D0-8D11-00A0C91BC942}") = "OOP_Practic_Leson7", "OOP_Practic_Leson7\OOP_Practic_Leson7.vcxproj", "{46B73B6A-B84B-4094-92D2-D4A05501D23A}"
EndProject
Global
	GlobalSection(SolutionConfigurationPlatforms) = preSolution
		Debug|x64 = Debug|x64
		Debug|x86 = Debug|x86
		Release|x64 = Release|x64
		Release|x86 = Release|x86
	EndGlobalSection
	GlobalSection(ProjectConfigurationPlatforms) = postSolution
		{46B73B6A-B84B-4094-92D2-D4A05501D23A}.Debug|x64.ActiveCfg = Debug|x64
		{46B73B6A-B84B-4094-92D2-D4A05501D23A}.Debug|x64.Build.0 = Debug|x64
		{46B73B6A-B84B-4094-92D2-D4A05501D23A}.Debug|x86.ActiveCfg = Debug|Win32
		{46B73B6A-B84B-4094-92D2-D4A05501D23A}.Debug|x86.Build.0 = Debug|Win32
		{46B73B6A-B84B-4094-92D2-D4A05501D23A}.Release|x64.ActiveCfg = Release|x64
		{46B73B6A-B84B-4094-92D2-D4A05501D23A}.Release|x64.Build.0 = Release|x64
		{46B73B6A-B84B-4094-92D2-D4A05501D23A}.Release|x86.ActiveCfg = Release|Win32
		{46B73B6A-B84B-4094-92D2-D4A05501D23A}.Release|x86.Build.0 = Release|Win32
	EndGlobalSection
	GlobalSection(SolutionProperties) = preSolution
		HideSolutionNode = FALSE
	EndGlobalSection
	GlobalSection(ExtensibilityGlobals) = postSolution
		SolutionGuid = {1645EE44-F3FA-46AA-BC88-42D0212BD655}
	EndGlobalSection
EndGlobal
